{
  "name": "BleShare",
  "lockfileVersion": 3,
  "requires": true,
  "packages": {
    "": {
      "dependencies": {
        "@arkts/declarations": "^0.0.21"
      }
    },
    "node_modules/@arkts/declarations": {
      "version": "0.0.21",
      "resolved": "https://registry.npmmirror.com/@arkts/declarations/-/declarations-0.0.21.tgz",
      "integrity": "sha512-JzC5PARmfrALWwAgmPDPKWaiy0w2PAynA8v3WCcHpLVeGVcRFgVx/lrRf3K5y2q4a5RP2SNY94EBw65F4SsGRg==",
      "license": "MIT"
    }
  }
}
